
Microsoft Visual Studio Solution File, Format Version 12.00
# Visual Studio 15
VisualStudioVersion = 15.0.26430.6
MinimumVisualStudioVersion = 10.0.40219.1
Project("{9A19103F-16F7-4668-BE54-9A1E7A4F7556}") = "CommonBotLibrary", "src\CommonBotLibrary\CommonBotLibrary.csproj", "{30C4F8FC-7ABE-4022-ACB3-73B0FE082EA7}"
EndProject
Project("{9A19103F-16F7-4668-BE54-9A1E7A4F7556}") = "CommonBotLibrary.Tests", "tests\CommonBotLibrary.Tests\CommonBotLibrary.Tests.csproj", "{C2DA023C-7150-4542-A425-8CC4E3014B9A}"
EndProject
Global
	GlobalSection(SolutionConfigurationPlatforms) = preSolution
		Debug|Any CPU = Debug|Any CPU
		Release|Any CPU = Release|Any CPU
	EndGlobalSection
	GlobalSection(ProjectConfigurationPlatforms) = postSolution
		{30C4F8FC-7ABE-4022-ACB3-73B0FE082EA7}.Debug|Any CPU.ActiveCfg = Debug|Any CPU
		{30C4F8FC-7ABE-4022-ACB3-73B0FE082EA7}.Debug|Any CPU.Build.0 = Debug|Any CPU
		{30C4F8FC-7ABE-4022-ACB3-73B0FE082EA7}.Release|Any CPU.ActiveCfg = Release|Any CPU
		{30C4F8FC-7ABE-4022-ACB3-73B0FE082EA7}.Release|Any CPU.Build.0 = Release|Any CPU
		{C2DA023C-7150-4542-A425-8CC4E3014B9A}.Debug|Any CPU.ActiveCfg = Debug|Any CPU
		{C2DA023C-7150-4542-A425-8CC4E3014B9A}.Debug|Any CPU.Build.0 = Debug|Any CPU
		{C2DA023C-7150-4542-A425-8CC4E3014B9A}.Release|Any CPU.ActiveCfg = Release|Any CPU
		{C2DA023C-7150-4542-A425-8CC4E3014B9A}.Release|Any CPU.Build.0 = Release|Any CPU
	EndGlobalSection
	GlobalSection(SolutionProperties) = preSolution
		HideSolutionNode = FALSE
	EndGlobalSection
EndGlobal
